
Microsoft Visual Studio Solution File, Format Version 12.00
# Visual Studio Version 16
VisualStudioVersion = 16.0.29009.5
MinimumVisualStudioVersion = 10.0.40219.1
Project("{FAE04EC0-301F-11D3-BF4B-00C04F79EFBC}") = "vegaApp", "vegaApp.csproj", "{6C48B2CA-4F3A-40C1-A3F9-54255040D351}"
EndProject
Global
	GlobalSection(SolutionConfigurationPlatforms) = preSolution
		Debug|Any CPU = Debug|Any CPU
		Release|Any CPU = Release|Any CPU
	EndGlobalSection
	GlobalSection(ProjectConfigurationPlatforms) = postSolution
		{6C48B2CA-4F3A-40C1-A3F9-54255040D351}.Debug|Any CPU.ActiveCfg = Debug|Any CPU
		{6C48B2CA-4F3A-40C1-A3F9-54255040D351}.Debug|Any CPU.Build.0 = Debug|Any CPU
		{6C48B2CA-4F3A-40C1-A3F9-54255040D351}.Release|Any CPU.ActiveCfg = Release|Any CPU
		{6C48B2CA-4F3A-40C1-A3F9-54255040D351}.Release|Any CPU.Build.0 = Release|Any CPU
	EndGlobalSection
	GlobalSection(SolutionProperties) = preSolution
		HideSolutionNode = FALSE
	EndGlobalSection
	GlobalSection(ExtensibilityGlobals) = postSolution
		SolutionGuid = {EF579F86-ED0F-4E16-8036-FBBC9E97D386}
	EndGlobalSection
EndGlobal
